// !$*UTF8*$!
{
	archiveVersion = 1;
	classes = {
	};
	objectVersion = 50;
	objects = {

/* Begin PBXBuildFile section */
		025859F12461A6CB00DE83FC /* STLSort.cpp in Sources */ = {isa = PBXBuildFile; fileRef = 025859F02461A6CB00DE83FC /* STLSort.cpp */; };
		025859F42461A90700DE83FC /* Student.cpp in Sources */ = {isa = PBXBuildFile; fileRef = 025859F32461A90700DE83FC /* Student.cpp */; };
		025859F62461B6A500DE83FC /* PairUsingSort.cpp in Sources */ = {isa = PBXBuildFile; fileRef = 025859F52461B6A500DE83FC /* PairUsingSort.cpp */; };
		02BFAC37245D6F9800898768 /* main.cpp in Sources */ = {isa = PBXBuildFile; fileRef = 02BFAC36245D6F9800898768 /* main.cpp */; };
		02BFAC46245DD10600898768 /* MergeSort.cpp in Sources */ = {isa = PBXBuildFile; fileRef = 02BFAC45245DD10600898768 /* MergeSort.cpp */; };
		02BFAC49245DD16100898768 /* SelectionSort.cpp in Sources */ = {isa = PBXBuildFile; fileRef = 02BFAC48245DD16100898768 /* SelectionSort.cpp */; };
		02BFAC4B245DD17000898768 /* BubbleSort.cpp in Sources */ = {isa = PBXBuildFile; fileRef = 02BFAC4A245DD17000898768 /* BubbleSort.cpp */; };
		02BFAC4D245DD22400898768 /* InsertionSort.cpp in Sources */ = {isa = PBXBuildFile; fileRef = 02BFAC4C245DD22400898768 /* InsertionSort.cpp */; };
		02BFAC52245DD25000898768 /* QuickSort.cpp in Sources */ = {isa = PBXBuildFile; fileRef = 02BFAC51245DD25000898768 /* QuickSort.cpp */; };
		C76446992463CF6F00599BAC /* HeapSort.cpp in Sources */ = {isa = PBXBuildFile; fileRef = C76446982463CF6F00599BAC /* HeapSort.cpp */; };
		C764469B2465110A00599BAC /* Test.cpp in Sources */ = {isa = PBXBuildFile; fileRef = C764469A2465110A00599BAC /* Test.cpp */; };
		C764469D24651D9100599BAC /* CountingSort.cpp in Sources */ = {isa = PBXBuildFile; fileRef = C764469C24651D9100599BAC /* CountingSort.cpp */; };
/* End PBXBuildFile section */

/* Begin PBXCopyFilesBuildPhase section */
		02BFAC31245D6F9800898768 /* CopyFiles */ = {
			isa = PBXCopyFilesBuildPhase;
			buildActionMask = 2147483647;
			dstPath = /usr/share/man/man1/;
			dstSubfolderSpec = 0;
			files = (
			);
			runOnlyForDeploymentPostprocessing = 1;
		};
/* End PBXCopyFilesBuildPhase section */

/* Begin PBXFileReference section */
		025859F02461A6CB00DE83FC /* STLSort.cpp */ = {isa = PBXFileReference; lastKnownFileType = sourcecode.cpp.cpp; path = STLSort.cpp; sourceTree = "<group>"; };
		025859F32461A90700DE83FC /* Student.cpp */ = {isa = PBXFileReference; lastKnownFileType = sourcecode.cpp.cpp; path = Student.cpp; sourceTree = "<group>"; };
		025859F52461B6A500DE83FC /* PairUsingSort.cpp */ = {isa = PBXFileReference; lastKnownFileType = sourcecode.cpp.cpp; path = PairUsingSort.cpp; sourceTree = "<group>"; };
		02BFAC33245D6F9800898768 /* Algorism */ = {isa = PBXFileReference; explicitFileType = "compiled.mach-o.executable"; includeInIndex = 0; path = Algorism; sourceTree = BUILT_PRODUCTS_DIR; };
		02BFAC36245D6F9800898768 /* main.cpp */ = {isa = PBXFileReference; lastKnownFileType = sourcecode.cpp.cpp; path = main.cpp; sourceTree = "<group>"; };
		02BFAC45245DD10600898768 /* MergeSort.cpp */ = {isa = PBXFileReference; lastKnownFileType = sourcecode.cpp.cpp; path = MergeSort.cpp; sourceTree = "<group>"; };
		02BFAC48245DD16100898768 /* SelectionSort.cpp */ = {isa = PBXFileReference; lastKnownFileType = sourcecode.cpp.cpp; path = SelectionSort.cpp; sourceTree = "<group>"; };
		02BFAC4A245DD17000898768 /* BubbleSort.cpp */ = {isa = PBXFileReference; lastKnownFileType = sourcecode.cpp.cpp; path = BubbleSort.cpp; sourceTree = "<group>"; };
		02BFAC4C245DD22400898768 /* InsertionSort.cpp */ = {isa = PBXFileReference; lastKnownFileType = sourcecode.cpp.cpp; path = InsertionSort.cpp; sourceTree = "<group>"; };
		02BFAC51245DD25000898768 /* QuickSort.cpp */ = {isa = PBXFileReference; lastKnownFileType = sourcecode.cpp.cpp; path = QuickSort.cpp; sourceTree = "<group>"; };
		C76446982463CF6F00599BAC /* HeapSort.cpp */ = {isa = PBXFileReference; lastKnownFileType = sourcecode.cpp.cpp; path = HeapSort.cpp; sourceTree = "<group>"; };
		C764469A2465110A00599BAC /* Test.cpp */ = {isa = PBXFileReference; lastKnownFileType = sourcecode.cpp.cpp; path = Test.cpp; sourceTree = "<group>"; };
		C764469C24651D9100599BAC /* CountingSort.cpp */ = {isa = PBXFileReference; lastKnownFileType = sourcecode.cpp.cpp; path = CountingSort.cpp; sourceTree = "<group>"; };
/* End PBXFileReference section */

/* Begin PBXFrameworksBuildPhase section */
		02BFAC30245D6F9800898768 /* Frameworks */ = {
			isa = PBXFrameworksBuildPhase;
			buildActionMask = 2147483647;
			files = (
			);
			runOnlyForDeploymentPostprocessing = 0;
		};
/* End PBXFrameworksBuildPhase section */

/* Begin PBXGroup section */
		025859F22461A8F500DE83FC /* STL */ = {
			isa = PBXGroup;
			children = (
				025859F02461A6CB00DE83FC /* STLSort.cpp */,
				025859F32461A90700DE83FC /* Student.cpp */,
				025859F52461B6A500DE83FC /* PairUsingSort.cpp */,
			);
			path = STL;
			sourceTree = "<group>";
		};
		02BFAC2A245D6F9800898768 = {
			isa = PBXGroup;
			children = (
				02BFAC35245D6F9800898768 /* Algorism */,
				02BFAC34245D6F9800898768 /* Products */,
			);
			sourceTree = "<group>";
		};
		02BFAC34245D6F9800898768 /* Products */ = {
			isa = PBXGroup;
			children = (
				02BFAC33245D6F9800898768 /* Algorism */,
			);
			name = Products;
			sourceTree = "<group>";
		};
		02BFAC35245D6F9800898768 /* Algorism */ = {
			isa = PBXGroup;
			children = (
				02BFAC47245DD14B00898768 /* Sort */,
				02BFAC36245D6F9800898768 /* main.cpp */,
			);
			path = Algorism;
			sourceTree = "<group>";
		};
		02BFAC47245DD14B00898768 /* Sort */ = {
			isa = PBXGroup;
			children = (
				025859F22461A8F500DE83FC /* STL */,
				02BFAC45245DD10600898768 /* MergeSort.cpp */,
				02BFAC48245DD16100898768 /* SelectionSort.cpp */,
				02BFAC4A245DD17000898768 /* BubbleSort.cpp */,
				02BFAC4C245DD22400898768 /* InsertionSort.cpp */,
				02BFAC51245DD25000898768 /* QuickSort.cpp */,
				C76446982463CF6F00599BAC /* HeapSort.cpp */,
				C764469A2465110A00599BAC /* Test.cpp */,
				C764469C24651D9100599BAC /* CountingSort.cpp */,
			);
			path = Sort;
			sourceTree = "<group>";
		};
/* End PBXGroup section */

/* Begin PBXNativeTarget section */
		02BFAC32245D6F9800898768 /* Algorism */ = {
			isa = PBXNativeTarget;
			buildConfigurationList = 02BFAC3A245D6F9800898768 /* Build configuration list for PBXNativeTarget "Algorism" */;
			buildPhases = (
				02BFAC2F245D6F9800898768 /* Sources */,
				02BFAC30245D6F9800898768 /* Frameworks */,
				02BFAC31245D6F9800898768 /* CopyFiles */,
			);
			buildRules = (
			);
			dependencies = (
			);
			name = Algorism;
			productName = Algorism;
			productReference = 02BFAC33245D6F9800898768 /* Algorism */;
			productType = "com.apple.product-type.tool";
		};
/* End PBXNativeTarget section */

/* Begin PBXProject section */
		02BFAC2B245D6F9800898768 /* Project object */ = {
			isa = PBXProject;
			attributes = {
				LastUpgradeCheck = 1140;
				ORGANIZATIONNAME = "신규찬";
				TargetAttributes = {
					02BFAC32245D6F9800898768 = {
						CreatedOnToolsVersion = 11.4;
					};
				};
			};
			buildConfigurationList = 02BFAC2E245D6F9800898768 /* Build configuration list for PBXProject "Algorism" */;
			compatibilityVersion = "Xcode 9.3";
			developmentRegion = en;
			hasScannedForEncodings = 0;
			knownRegions = (
				en,
				Base,
			);
			mainGroup = 02BFAC2A245D6F9800898768;
			productRefGroup = 02BFAC34245D6F9800898768 /* Products */;
			projectDirPath = "";
			projectRoot = "";
			targets = (
				02BFAC32245D6F9800898768 /* Algorism */,
			);
		};
/* End PBXProject section */

/* Begin PBXSourcesBuildPhase section */
		02BFAC2F245D6F9800898768 /* Sources */ = {
			isa = PBXSourcesBuildPhase;
			buildActionMask = 2147483647;
			files = (
				02BFAC4D245DD22400898768 /* InsertionSort.cpp in Sources */,
				02BFAC52245DD25000898768 /* QuickSort.cpp in Sources */,
				02BFAC49245DD16100898768 /* SelectionSort.cpp in Sources */,
				025859F42461A90700DE83FC /* Student.cpp in Sources */,
				C764469D24651D9100599BAC /* CountingSort.cpp in Sources */,
				02BFAC46245DD10600898768 /* MergeSort.cpp in Sources */,
				02BFAC37245D6F9800898768 /* main.cpp in Sources */,
				02BFAC4B245DD17000898768 /* BubbleSort.cpp in Sources */,
				C764469B2465110A00599BAC /* Test.cpp in Sources */,
				025859F62461B6A500DE83FC /* PairUsingSort.cpp in Sources */,
				025859F12461A6CB00DE83FC /* STLSort.cpp in Sources */,
				C76446992463CF6F00599BAC /* HeapSort.cpp in Sources */,
			);
			runOnlyForDeploymentPostprocessing = 0;
		};
/* End PBXSourcesBuildPhase section */

/* Begin XCBuildConfiguration section */
		02BFAC38245D6F9800898768 /* Debug */ = {
			isa = XCBuildConfiguration;
			buildSettings = {
				ALWAYS_SEARCH_USER_PATHS = NO;
				CLANG_ANALYZER_NONNULL = YES;
				CLANG_ANALYZER_NUMBER_OBJECT_CONVERSION = YES_AGGRESSIVE;
				CLANG_CXX_LANGUAGE_STANDARD = "gnu++14";
				CLANG_CXX_LIBRARY = "libc++";
				CLANG_ENABLE_MODULES = YES;
				CLANG_ENABLE_OBJC_ARC = YES;
				CLANG_ENABLE_OBJC_WEAK = YES;
				CLANG_WARN_BLOCK_CAPTURE_AUTORELEASING = YES;
				CLANG_WARN_BOOL_CONVERSION = YES;
				CLANG_WARN_COMMA = YES;
				CLANG_WARN_CONSTANT_CONVERSION = YES;
				CLANG_WARN_DEPRECATED_OBJC_IMPLEMENTATIONS = YES;
				CLANG_WARN_DIRECT_OBJC_ISA_USAGE = YES_ERROR;
				CLANG_WARN_DOCUMENTATION_COMMENTS = YES;
				CLANG_WARN_EMPTY_BODY = YES;
				CLANG_WARN_ENUM_CONVERSION = YES;
				CLANG_WARN_INFINITE_RECURSION = YES;
				CLANG_WARN_INT_CONVERSION = YES;
				CLANG_WARN_NON_LITERAL_NULL_CONVERSION = YES;
				CLANG_WARN_OBJC_IMPLICIT_RETAIN_SELF = YES;
				CLANG_WARN_OBJC_LITERAL_CONVERSION = YES;
				CLANG_WARN_OBJC_ROOT_CLASS = YES_ERROR;
				CLANG_WARN_RANGE_LOOP_ANALYSIS = YES;
				CLANG_WARN_STRICT_PROTOTYPES = YES;
				CLANG_WARN_SUSPICIOUS_MOVE = YES;
				CLANG_WARN_UNGUARDED_AVAILABILITY = YES_AGGRESSIVE;
				CLANG_WARN_UNREACHABLE_CODE = YES;
				CLANG_WARN__DUPLICATE_METHOD_MATCH = YES;
				COPY_PHASE_STRIP = NO;
				DEBUG_INFORMATION_FORMAT = dwarf;
				ENABLE_STRICT_OBJC_MSGSEND = YES;
				ENABLE_TESTABILITY = YES;
				GCC_C_LANGUAGE_STANDARD = gnu11;
				GCC_DYNAMIC_NO_PIC = NO;
				GCC_NO_COMMON_BLOCKS = YES;
				GCC_OPTIMIZATION_LEVEL = 0;
				GCC_PREPROCESSOR_DEFINITIONS = (
					"DEBUG=1",
					"$(inherited)",
				);
				GCC_WARN_64_TO_32_BIT_CONVERSION = YES;
				GCC_WARN_ABOUT_RETURN_TYPE = YES_ERROR;
				GCC_WARN_UNDECLARED_SELECTOR = YES;
				GCC_WARN_UNINITIALIZED_AUTOS = YES_AGGRESSIVE;
				GCC_WARN_UNUSED_FUNCTION = YES;
				GCC_WARN_UNUSED_VARIABLE = YES;
				MACOSX_DEPLOYMENT_TARGET = 10.15;
				MTL_ENABLE_DEBUG_INFO = INCLUDE_SOURCE;
				MTL_FAST_MATH = YES;
				ONLY_ACTIVE_ARCH = YES;
				SDKROOT = macosx;
			};
			name = Debug;
		};
		02BFAC39245D6F9800898768 /* Release */ = {
			isa = XCBuildConfiguration;
			buildSettings = {
				ALWAYS_SEARCH_USER_PATHS = NO;
				CLANG_ANALYZER_NONNULL = YES;
				CLANG_ANALYZER_NUMBER_OBJECT_CONVERSION = YES_AGGRESSIVE;
				CLANG_CXX_LANGUAGE_STANDARD = "gnu++14";
				CLANG_CXX_LIBRARY = "libc++";
				CLANG_ENABLE_MODULES = YES;
				CLANG_ENABLE_OBJC_ARC = YES;
				CLANG_ENABLE_OBJC_WEAK = YES;
				CLANG_WARN_BLOCK_CAPTURE_AUTORELEASING = YES;
				CLANG_WARN_BOOL_CONVERSION = YES;
				CLANG_WARN_COMMA = YES;
				CLANG_WARN_CONSTANT_CONVERSION = YES;
				CLANG_WARN_DEPRECATED_OBJC_IMPLEMENTATIONS = YES;
				CLANG_WARN_DIRECT_OBJC_ISA_USAGE = YES_ERROR;
				CLANG_WARN_DOCUMENTATION_COMMENTS = YES;
				CLANG_WARN_EMPTY_BODY = YES;
				CLANG_WARN_ENUM_CONVERSION = YES;
				CLANG_WARN_INFINITE_RECURSION = YES;
				CLANG_WARN_INT_CONVERSION = YES;
				CLANG_WARN_NON_LITERAL_NULL_CONVERSION = YES;
				CLANG_WARN_OBJC_IMPLICIT_RETAIN_SELF = YES;
				CLANG_WARN_OBJC_LITERAL_CONVERSION = YES;
				CLANG_WARN_OBJC_ROOT_CLASS = YES_ERROR;
				CLANG_WARN_RANGE_LOOP_ANALYSIS = YES;
				CLANG_WARN_STRICT_PROTOTYPES = YES;
				CLANG_WARN_SUSPICIOUS_MOVE = YES;
				CLANG_WARN_UNGUARDED_AVAILABILITY = YES_AGGRESSIVE;
				CLANG_WARN_UNREACHABLE_CODE = YES;
				CLANG_WARN__DUPLICATE_METHOD_MATCH = YES;
				COPY_PHASE_STRIP = NO;
				DEBUG_INFORMATION_FORMAT = "dwarf-with-dsym";
				ENABLE_NS_ASSERTIONS = NO;
				ENABLE_STRICT_OBJC_MSGSEND = YES;
				GCC_C_LANGUAGE_STANDARD = gnu11;
				GCC_NO_COMMON_BLOCKS = YES;
				GCC_WARN_64_TO_32_BIT_CONVERSION = YES;
				GCC_WARN_ABOUT_RETURN_TYPE = YES_ERROR;
				GCC_WARN_UNDECLARED_SELECTOR = YES;
				GCC_WARN_UNINITIALIZED_AUTOS = YES_AGGRESSIVE;
				GCC_WARN_UNUSED_FUNCTION = YES;
				GCC_WARN_UNUSED_VARIABLE = YES;
				MACOSX_DEPLOYMENT_TARGET = 10.15;
				MTL_ENABLE_DEBUG_INFO = NO;
				MTL_FAST_MATH = YES;
				SDKROOT = macosx;
			};
			name = Release;
		};
		02BFAC3B245D6F9800898768 /* Debug */ = {
			isa = XCBuildConfiguration;
			buildSettings = {
				CODE_SIGN_STYLE = Automatic;
				PRODUCT_NAME = "$(TARGET_NAME)";
			};
			name = Debug;
		};
		02BFAC3C245D6F9800898768 /* Release */ = {
			isa = XCBuildConfiguration;
			buildSettings = {
				CODE_SIGN_STYLE = Automatic;
				PRODUCT_NAME = "$(TARGET_NAME)";
			};
			name = Release;
		};
/* End XCBuildConfiguration section */

/* Begin XCConfigurationList section */
		02BFAC2E245D6F9800898768 /* Build configuration list for PBXProject "Algorism" */ = {
			isa = XCConfigurationList;
			buildConfigurations = (
				02BFAC38245D6F9800898768 /* Debug */,
				02BFAC39245D6F9800898768 /* Release */,
			);
			defaultConfigurationIsVisible = 0;
			defaultConfigurationName = Release;
		};
		02BFAC3A245D6F9800898768 /* Build configuration list for PBXNativeTarget "Algorism" */ = {
			isa = XCConfigurationList;
			buildConfigurations = (
				02BFAC3B245D6F9800898768 /* Debug */,
				02BFAC3C245D6F9800898768 /* Release */,
			);
			defaultConfigurationIsVisible = 0;
			defaultConfigurationName = Release;
		};
/* End XCConfigurationList section */
	};
	rootObject = 02BFAC2B245D6F9800898768 /* Project object */;
}
